// !$*UTF8*$!
{
	archiveVersion = 1;
	classes = {
	};
	objectVersion = 46;
	objects = {

/* Begin PBXBuildFile section */
		7B41719AF68CE94460AE5123 /* Pods_JJam.framework in Frameworks */ = {isa = PBXBuildFile; fileRef = 0642993740E03DA9687CA8CB /* Pods_JJam.framework */; };
		840007F11F274D54009702CB /* RestaurantInfo.swift in Sources */ = {isa = PBXBuildFile; fileRef = 840007F01F274D54009702CB /* RestaurantInfo.swift */; };
		8403927F1F160D410033BCBD /* Assets.xcassets in Resources */ = {isa = PBXBuildFile; fileRef = 840392751F160D410033BCBD /* Assets.xcassets */; };
		840392801F160D410033BCBD /* LaunchScreen.storyboard in Resources */ = {isa = PBXBuildFile; fileRef = 840392761F160D410033BCBD /* LaunchScreen.storyboard */; };
		840392811F160D410033BCBD /* Main.storyboard in Resources */ = {isa = PBXBuildFile; fileRef = 840392781F160D410033BCBD /* Main.storyboard */; };
		840392841F160D410033BCBD /* Info.plist in Resources */ = {isa = PBXBuildFile; fileRef = 8403927E1F160D410033BCBD /* Info.plist */; };
		84183C1A1F1F142A00EECDD0 /* SettingsCell.swift in Sources */ = {isa = PBXBuildFile; fileRef = 84183C191F1F142A00EECDD0 /* SettingsCell.swift */; };
		84183C1C1F1F236B00EECDD0 /* Menu.swift in Sources */ = {isa = PBXBuildFile; fileRef = 84183C1B1F1F236B00EECDD0 /* Menu.swift */; };
		84183C201F1F25FC00EECDD0 /* BusinessUsersMenuCell.swift in Sources */ = {isa = PBXBuildFile; fileRef = 84183C1F1F1F25FC00EECDD0 /* BusinessUsersMenuCell.swift */; };
		843069461F1E51AA008B7DEF /* AppDelegate.swift in Sources */ = {isa = PBXBuildFile; fileRef = 843069241F1E51AA008B7DEF /* AppDelegate.swift */; };
		843069471F1E51AA008B7DEF /* FixedCommonSet.swift in Sources */ = {isa = PBXBuildFile; fileRef = 843069261F1E51AA008B7DEF /* FixedCommonSet.swift */; };
		843069481F1E51AA008B7DEF /* UICommonSet.swift in Sources */ = {isa = PBXBuildFile; fileRef = 843069271F1E51AA008B7DEF /* UICommonSet.swift */; };
		8430694A1F1E51AA008B7DEF /* InterestRestaurant.swift in Sources */ = {isa = PBXBuildFile; fileRef = 8430692C1F1E51AA008B7DEF /* InterestRestaurant.swift */; };
		8430694B1F1E51AA008B7DEF /* Meal.swift in Sources */ = {isa = PBXBuildFile; fileRef = 8430692D1F1E51AA008B7DEF /* Meal.swift */; };
		8430694C1F1E51AA008B7DEF /* RestaurantSearch.swift in Sources */ = {isa = PBXBuildFile; fileRef = 8430692E1F1E51AA008B7DEF /* RestaurantSearch.swift */; };
		8430694E1F1E51AA008B7DEF /* GeneralUsersTabBar.swift in Sources */ = {isa = PBXBuildFile; fileRef = 843069331F1E51AA008B7DEF /* GeneralUsersTabBar.swift */; };
		8430694F1F1E51AA008B7DEF /* InterestRestaurantList.swift in Sources */ = {isa = PBXBuildFile; fileRef = 843069341F1E51AA008B7DEF /* InterestRestaurantList.swift */; };
		843069511F1E51AA008B7DEF /* MealDetail.swift in Sources */ = {isa = PBXBuildFile; fileRef = 843069361F1E51AA008B7DEF /* MealDetail.swift */; };
		843069531F1E51AA008B7DEF /* MealList.swift in Sources */ = {isa = PBXBuildFile; fileRef = 843069381F1E51AA008B7DEF /* MealList.swift */; };
		843069551F1E51AA008B7DEF /* RestaurantListSearch.swift in Sources */ = {isa = PBXBuildFile; fileRef = 8430693A1F1E51AA008B7DEF /* RestaurantListSearch.swift */; };
		843069571F1E51AA008B7DEF /* GeneralUsersSettings.swift in Sources */ = {isa = PBXBuildFile; fileRef = 8430693C1F1E51AA008B7DEF /* GeneralUsersSettings.swift */; };
		843069581F1E51AA008B7DEF /* InterestRestaurantListCell.swift in Sources */ = {isa = PBXBuildFile; fileRef = 843069401F1E51AA008B7DEF /* InterestRestaurantListCell.swift */; };
		843069591F1E51AA008B7DEF /* MealDetailImageCell.swift in Sources */ = {isa = PBXBuildFile; fileRef = 843069411F1E51AA008B7DEF /* MealDetailImageCell.swift */; };
		8430695A1F1E51AA008B7DEF /* MealDetailTextCell.swift in Sources */ = {isa = PBXBuildFile; fileRef = 843069421F1E51AA008B7DEF /* MealDetailTextCell.swift */; };
		8430695B1F1E51AA008B7DEF /* MealListCell.swift in Sources */ = {isa = PBXBuildFile; fileRef = 843069431F1E51AA008B7DEF /* MealListCell.swift */; };
		8430695C1F1E51AA008B7DEF /* RestaurantListSearchCell.swift in Sources */ = {isa = PBXBuildFile; fileRef = 843069441F1E51AA008B7DEF /* RestaurantListSearchCell.swift */; };
		8430695F1F1E55FA008B7DEF /* BusinessUsersTabBar.swift in Sources */ = {isa = PBXBuildFile; fileRef = 8430695E1F1E55FA008B7DEF /* BusinessUsersTabBar.swift */; };
		843069611F1E57A4008B7DEF /* BusinessUsersSettings.swift in Sources */ = {isa = PBXBuildFile; fileRef = 843069601F1E57A4008B7DEF /* BusinessUsersSettings.swift */; };
		843069631F1E593A008B7DEF /* BusinessUsersMealList.swift in Sources */ = {isa = PBXBuildFile; fileRef = 843069621F1E593A008B7DEF /* BusinessUsersMealList.swift */; };
		843069671F1E598E008B7DEF /* BusinessUsersMeal.swift in Sources */ = {isa = PBXBuildFile; fileRef = 843069661F1E598E008B7DEF /* BusinessUsersMeal.swift */; };
		843069691F1E5AAA008B7DEF /* BusinessUsersMealListCell.swift in Sources */ = {isa = PBXBuildFile; fileRef = 843069681F1E5AAA008B7DEF /* BusinessUsersMealListCell.swift */; };
		8430696B1F1E5DCC008B7DEF /* BusinessUsersMealDetail.swift in Sources */ = {isa = PBXBuildFile; fileRef = 8430696A1F1E5DCC008B7DEF /* BusinessUsersMealDetail.swift */; };
		8430696F1F1E5E40008B7DEF /* BusinessUsersDetail.swift in Sources */ = {isa = PBXBuildFile; fileRef = 8430696E1F1E5E40008B7DEF /* BusinessUsersDetail.swift */; };
		843069711F1E5E79008B7DEF /* BusinessUsersMealDetailImageCell.swift in Sources */ = {isa = PBXBuildFile; fileRef = 843069701F1E5E79008B7DEF /* BusinessUsersMealDetailImageCell.swift */; };
		843069731F1E5E86008B7DEF /* BusinessUsersMealDetailTextCell.swift in Sources */ = {isa = PBXBuildFile; fileRef = 843069721F1E5E86008B7DEF /* BusinessUsersMealDetailTextCell.swift */; };
		845C07C91F206CE3008A6F9F /* BusinessUsersMenuManagement.swift in Sources */ = {isa = PBXBuildFile; fileRef = 845C07C81F206CE3008A6F9F /* BusinessUsersMenuManagement.swift */; };
		845C07CD1F2081DA008A6F9F /* BusinessUsersNotice.swift in Sources */ = {isa = PBXBuildFile; fileRef = 845C07CC1F2081DA008A6F9F /* BusinessUsersNotice.swift */; };
		846417321F2199BF0029BC78 /* UITextViewPlaceholder.swift in Sources */ = {isa = PBXBuildFile; fileRef = 846417311F2199BF0029BC78 /* UITextViewPlaceholder.swift */; };
		846417351F2243270029BC78 /* GeneralUsersNetWorking.swift in Sources */ = {isa = PBXBuildFile; fileRef = 846417341F2243270029BC78 /* GeneralUsersNetWorking.swift */; };
		849D93851F283682004776E7 /* UIImageViewSetImage.swift in Sources */ = {isa = PBXBuildFile; fileRef = 849D93841F283682004776E7 /* UIImageViewSetImage.swift */; };
		849D93A21F28624B004776E7 /* NoImageFound.jpg in Resources */ = {isa = PBXBuildFile; fileRef = 849D93A11F28624B004776E7 /* NoImageFound.jpg */; };
		849D93AA1F28C1BE004776E7 /* BusinessUsersNetWorking.swift in Sources */ = {isa = PBXBuildFile; fileRef = 849D93A91F28C1BE004776E7 /* BusinessUsersNetWorking.swift */; };
		84AB5D351F26336000EC5099 /* NotificationCommonSet.swift in Sources */ = {isa = PBXBuildFile; fileRef = 84AB5D341F26336000EC5099 /* NotificationCommonSet.swift */; };
		84ED90691F2DC59E0087F37A /* SignUp.swift in Sources */ = {isa = PBXBuildFile; fileRef = 84ED90681F2DC59E0087F37A /* SignUp.swift */; };
		84ED906D1F2DC5F90087F37A /* BusinessUsersSignUp.swift in Sources */ = {isa = PBXBuildFile; fileRef = 84ED906B1F2DC5F90087F37A /* BusinessUsersSignUp.swift */; };
		84ED906E1F2DC5F90087F37A /* Login.swift in Sources */ = {isa = PBXBuildFile; fileRef = 84ED906C1F2DC5F90087F37A /* Login.swift */; };
		84ED90721F2DC6340087F37A /* BusinessUsersSignUpImageCell.swift in Sources */ = {isa = PBXBuildFile; fileRef = 84ED90701F2DC6340087F37A /* BusinessUsersSignUpImageCell.swift */; };
		84ED90731F2DC6340087F37A /* BusinessUsersSignUpTextCell.swift in Sources */ = {isa = PBXBuildFile; fileRef = 84ED90711F2DC6340087F37A /* BusinessUsersSignUpTextCell.swift */; };
		84ED90751F2DEFEE0087F37A /* LoginNetWorking.swift in Sources */ = {isa = PBXBuildFile; fileRef = 84ED90741F2DEFEE0087F37A /* LoginNetWorking.swift */; };
		84ED90771F2DF05C0087F37A /* BusinessUsersGroup.swift in Sources */ = {isa = PBXBuildFile; fileRef = 84ED90761F2DF05C0087F37A /* BusinessUsersGroup.swift */; };
		84FC03461F1A2D3A00FC96BB /* 01.jpg in Resources */ = {isa = PBXBuildFile; fileRef = 84FC033C1F1A2D3A00FC96BB /* 01.jpg */; };
		84FC03471F1A2D3A00FC96BB /* 02.jpg in Resources */ = {isa = PBXBuildFile; fileRef = 84FC033D1F1A2D3A00FC96BB /* 02.jpg */; };
		84FC03481F1A2D3A00FC96BB /* 03.jpg in Resources */ = {isa = PBXBuildFile; fileRef = 84FC033E1F1A2D3A00FC96BB /* 03.jpg */; };
		84FC03491F1A2D3A00FC96BB /* 04.jpg in Resources */ = {isa = PBXBuildFile; fileRef = 84FC033F1F1A2D3A00FC96BB /* 04.jpg */; };
		84FC034A1F1A2D3A00FC96BB /* 05.jpg in Resources */ = {isa = PBXBuildFile; fileRef = 84FC03401F1A2D3A00FC96BB /* 05.jpg */; };
		84FC034B1F1A2D3A00FC96BB /* 06.jpg in Resources */ = {isa = PBXBuildFile; fileRef = 84FC03411F1A2D3A00FC96BB /* 06.jpg */; };
		84FC034C1F1A2D3A00FC96BB /* 07.jpg in Resources */ = {isa = PBXBuildFile; fileRef = 84FC03421F1A2D3A00FC96BB /* 07.jpg */; };
		84FC034D1F1A2D3A00FC96BB /* 08.jpg in Resources */ = {isa = PBXBuildFile; fileRef = 84FC03431F1A2D3A00FC96BB /* 08.jpg */; };
		84FC034E1F1A2D3A00FC96BB /* 09.jpg in Resources */ = {isa = PBXBuildFile; fileRef = 84FC03441F1A2D3A00FC96BB /* 09.jpg */; };
		84FC034F1F1A2D3A00FC96BB /* 10.jpg in Resources */ = {isa = PBXBuildFile; fileRef = 84FC03451F1A2D3A00FC96BB /* 10.jpg */; };
/* End PBXBuildFile section */

/* Begin PBXFileReference section */
		0642993740E03DA9687CA8CB /* Pods_JJam.framework */ = {isa = PBXFileReference; explicitFileType = wrapper.framework; includeInIndex = 0; path = Pods_JJam.framework; sourceTree = BUILT_PRODUCTS_DIR; };
		2732E5029DA1A1A8D6613992 /* Pods-JJam.release.xcconfig */ = {isa = PBXFileReference; includeInIndex = 1; lastKnownFileType = text.xcconfig; name = "Pods-JJam.release.xcconfig"; path = "Pods/Target Support Files/Pods-JJam/Pods-JJam.release.xcconfig"; sourceTree = "<group>"; };
		840007F01F274D54009702CB /* RestaurantInfo.swift */ = {isa = PBXFileReference; fileEncoding = 4; lastKnownFileType = sourcecode.swift; path = RestaurantInfo.swift; sourceTree = "<group>"; };
		8403925E1F1601AB0033BCBD /* JJam.app */ = {isa = PBXFileReference; explicitFileType = wrapper.application; includeInIndex = 0; path = JJam.app; sourceTree = BUILT_PRODUCTS_DIR; };
		840392751F160D410033BCBD /* Assets.xcassets */ = {isa = PBXFileReference; lastKnownFileType = folder.assetcatalog; path = Assets.xcassets; sourceTree = "<group>"; };
		840392771F160D410033BCBD /* Base */ = {isa = PBXFileReference; lastKnownFileType = file.storyboard; name = Base; path = Base.lproj/LaunchScreen.storyboard; sourceTree = "<group>"; };
		840392791F160D410033BCBD /* Base */ = {isa = PBXFileReference; lastKnownFileType = file.storyboard; name = Base; path = Base.lproj/Main.storyboard; sourceTree = "<group>"; };
		8403927E1F160D410033BCBD /* Info.plist */ = {isa = PBXFileReference; fileEncoding = 4; lastKnownFileType = text.plist.xml; path = Info.plist; sourceTree = "<group>"; };
		84183C191F1F142A00EECDD0 /* SettingsCell.swift */ = {isa = PBXFileReference; fileEncoding = 4; lastKnownFileType = sourcecode.swift; path = SettingsCell.swift; sourceTree = "<group>"; };
		84183C1B1F1F236B00EECDD0 /* Menu.swift */ = {isa = PBXFileReference; fileEncoding = 4; lastKnownFileType = sourcecode.swift; path = Menu.swift; sourceTree = "<group>"; };
		84183C1F1F1F25FC00EECDD0 /* BusinessUsersMenuCell.swift */ = {isa = PBXFileReference; fileEncoding = 4; lastKnownFileType = sourcecode.swift; path = BusinessUsersMenuCell.swift; sourceTree = "<group>"; };
		843069241F1E51AA008B7DEF /* AppDelegate.swift */ = {isa = PBXFileReference; fileEncoding = 4; lastKnownFileType = sourcecode.swift; path = AppDelegate.swift; sourceTree = "<group>"; };
		843069261F1E51AA008B7DEF /* FixedCommonSet.swift */ = {isa = PBXFileReference; fileEncoding = 4; lastKnownFileType = sourcecode.swift; path = FixedCommonSet.swift; sourceTree = "<group>"; };
		843069271F1E51AA008B7DEF /* UICommonSet.swift */ = {isa = PBXFileReference; fileEncoding = 4; lastKnownFileType = sourcecode.swift; path = UICommonSet.swift; sourceTree = "<group>"; };
		8430692C1F1E51AA008B7DEF /* InterestRestaurant.swift */ = {isa = PBXFileReference; fileEncoding = 4; lastKnownFileType = sourcecode.swift; path = InterestRestaurant.swift; sourceTree = "<group>"; };
		8430692D1F1E51AA008B7DEF /* Meal.swift */ = {isa = PBXFileReference; fileEncoding = 4; lastKnownFileType = sourcecode.swift; path = Meal.swift; sourceTree = "<group>"; };
		8430692E1F1E51AA008B7DEF /* RestaurantSearch.swift */ = {isa = PBXFileReference; fileEncoding = 4; lastKnownFileType = sourcecode.swift; path = RestaurantSearch.swift; sourceTree = "<group>"; };
		843069331F1E51AA008B7DEF /* GeneralUsersTabBar.swift */ = {isa = PBXFileReference; fileEncoding = 4; lastKnownFileType = sourcecode.swift; path = GeneralUsersTabBar.swift; sourceTree = "<group>"; };
		843069341F1E51AA008B7DEF /* InterestRestaurantList.swift */ = {isa = PBXFileReference; fileEncoding = 4; lastKnownFileType = sourcecode.swift; path = InterestRestaurantList.swift; sourceTree = "<group>"; };
		843069361F1E51AA008B7DEF /* MealDetail.swift */ = {isa = PBXFileReference; fileEncoding = 4; lastKnownFileType = sourcecode.swift; path = MealDetail.swift; sourceTree = "<group>"; };
		843069381F1E51AA008B7DEF /* MealList.swift */ = {isa = PBXFileReference; fileEncoding = 4; lastKnownFileType = sourcecode.swift; path = MealList.swift; sourceTree = "<group>"; };
		8430693A1F1E51AA008B7DEF /* RestaurantListSearch.swift */ = {isa = PBXFileReference; fileEncoding = 4; lastKnownFileType = sourcecode.swift; path = RestaurantListSearch.swift; sourceTree = "<group>"; };
		8430693C1F1E51AA008B7DEF /* GeneralUsersSettings.swift */ = {isa = PBXFileReference; fileEncoding = 4; lastKnownFileType = sourcecode.swift; path = GeneralUsersSettings.swift; sourceTree = "<group>"; };
		843069401F1E51AA008B7DEF /* InterestRestaurantListCell.swift */ = {isa = PBXFileReference; fileEncoding = 4; lastKnownFileType = sourcecode.swift; path = InterestRestaurantListCell.swift; sourceTree = "<group>"; };
		843069411F1E51AA008B7DEF /* MealDetailImageCell.swift */ = {isa = PBXFileReference; fileEncoding = 4; lastKnownFileType = sourcecode.swift; path = MealDetailImageCell.swift; sourceTree = "<group>"; };
		843069421F1E51AA008B7DEF /* MealDetailTextCell.swift */ = {isa = PBXFileReference; fileEncoding = 4; lastKnownFileType = sourcecode.swift; path = MealDetailTextCell.swift; sourceTree = "<group>"; };
		843069431F1E51AA008B7DEF /* MealListCell.swift */ = {isa = PBXFileReference; fileEncoding = 4; lastKnownFileType = sourcecode.swift; path = MealListCell.swift; sourceTree = "<group>"; };
		843069441F1E51AA008B7DEF /* RestaurantListSearchCell.swift */ = {isa = PBXFileReference; fileEncoding = 4; lastKnownFileType = sourcecode.swift; path = RestaurantListSearchCell.swift; sourceTree = "<group>"; };
		8430695E1F1E55FA008B7DEF /* BusinessUsersTabBar.swift */ = {isa = PBXFileReference; fileEncoding = 4; lastKnownFileType = sourcecode.swift; path = BusinessUsersTabBar.swift; sourceTree = "<group>"; };
		843069601F1E57A4008B7DEF /* BusinessUsersSettings.swift */ = {isa = PBXFileReference; fileEncoding = 4; lastKnownFileType = sourcecode.swift; path = BusinessUsersSettings.swift; sourceTree = "<group>"; };
		843069621F1E593A008B7DEF /* BusinessUsersMealList.swift */ = {isa = PBXFileReference; fileEncoding = 4; lastKnownFileType = sourcecode.swift; path = BusinessUsersMealList.swift; sourceTree = "<group>"; };
		843069661F1E598E008B7DEF /* BusinessUsersMeal.swift */ = {isa = PBXFileReference; fileEncoding = 4; lastKnownFileType = sourcecode.swift; path = BusinessUsersMeal.swift; sourceTree = "<group>"; };
		843069681F1E5AAA008B7DEF /* BusinessUsersMealListCell.swift */ = {isa = PBXFileReference; fileEncoding = 4; lastKnownFileType = sourcecode.swift; path = BusinessUsersMealListCell.swift; sourceTree = "<group>"; };
		8430696A1F1E5DCC008B7DEF /* BusinessUsersMealDetail.swift */ = {isa = PBXFileReference; fileEncoding = 4; lastKnownFileType = sourcecode.swift; path = BusinessUsersMealDetail.swift; sourceTree = "<group>"; };
		8430696E1F1E5E40008B7DEF /* BusinessUsersDetail.swift */ = {isa = PBXFileReference; fileEncoding = 4; lastKnownFileType = sourcecode.swift; path = BusinessUsersDetail.swift; sourceTree = "<group>"; };
		843069701F1E5E79008B7DEF /* BusinessUsersMealDetailImageCell.swift */ = {isa = PBXFileReference; fileEncoding = 4; lastKnownFileType = sourcecode.swift; path = BusinessUsersMealDetailImageCell.swift; sourceTree = "<group>"; };
		843069721F1E5E86008B7DEF /* BusinessUsersMealDetailTextCell.swift */ = {isa = PBXFileReference; fileEncoding = 4; lastKnownFileType = sourcecode.swift; path = BusinessUsersMealDetailTextCell.swift; sourceTree = "<group>"; };
		845C07C81F206CE3008A6F9F /* BusinessUsersMenuManagement.swift */ = {isa = PBXFileReference; fileEncoding = 4; lastKnownFileType = sourcecode.swift; path = BusinessUsersMenuManagement.swift; sourceTree = "<group>"; };
		845C07CC1F2081DA008A6F9F /* BusinessUsersNotice.swift */ = {isa = PBXFileReference; fileEncoding = 4; lastKnownFileType = sourcecode.swift; path = BusinessUsersNotice.swift; sourceTree = "<group>"; };
		846417311F2199BF0029BC78 /* UITextViewPlaceholder.swift */ = {isa = PBXFileReference; fileEncoding = 4; lastKnownFileType = sourcecode.swift; path = UITextViewPlaceholder.swift; sourceTree = "<group>"; };
		846417341F2243270029BC78 /* GeneralUsersNetWorking.swift */ = {isa = PBXFileReference; fileEncoding = 4; lastKnownFileType = sourcecode.swift; path = GeneralUsersNetWorking.swift; sourceTree = "<group>"; };
		849D93841F283682004776E7 /* UIImageViewSetImage.swift */ = {isa = PBXFileReference; fileEncoding = 4; lastKnownFileType = sourcecode.swift; path = UIImageViewSetImage.swift; sourceTree = "<group>"; };
		849D93A11F28624B004776E7 /* NoImageFound.jpg */ = {isa = PBXFileReference; lastKnownFileType = image.jpeg; path = NoImageFound.jpg; sourceTree = "<group>"; };
		849D93A91F28C1BE004776E7 /* BusinessUsersNetWorking.swift */ = {isa = PBXFileReference; fileEncoding = 4; lastKnownFileType = sourcecode.swift; path = BusinessUsersNetWorking.swift; sourceTree = "<group>"; };
		84AB5D341F26336000EC5099 /* NotificationCommonSet.swift */ = {isa = PBXFileReference; fileEncoding = 4; lastKnownFileType = sourcecode.swift; path = NotificationCommonSet.swift; sourceTree = "<group>"; };
		84ED90681F2DC59E0087F37A /* SignUp.swift */ = {isa = PBXFileReference; fileEncoding = 4; lastKnownFileType = sourcecode.swift; path = SignUp.swift; sourceTree = "<group>"; };
		84ED906B1F2DC5F90087F37A /* BusinessUsersSignUp.swift */ = {isa = PBXFileReference; fileEncoding = 4; lastKnownFileType = sourcecode.swift; path = BusinessUsersSignUp.swift; sourceTree = "<group>"; };
		84ED906C1F2DC5F90087F37A /* Login.swift */ = {isa = PBXFileReference; fileEncoding = 4; lastKnownFileType = sourcecode.swift; path = Login.swift; sourceTree = "<group>"; };
		84ED90701F2DC6340087F37A /* BusinessUsersSignUpImageCell.swift */ = {isa = PBXFileReference; fileEncoding = 4; lastKnownFileType = sourcecode.swift; path = BusinessUsersSignUpImageCell.swift; sourceTree = "<group>"; };
		84ED90711F2DC6340087F37A /* BusinessUsersSignUpTextCell.swift */ = {isa = PBXFileReference; fileEncoding = 4; lastKnownFileType = sourcecode.swift; path = BusinessUsersSignUpTextCell.swift; sourceTree = "<group>"; };
		84ED90741F2DEFEE0087F37A /* LoginNetWorking.swift */ = {isa = PBXFileReference; fileEncoding = 4; lastKnownFileType = sourcecode.swift; path = LoginNetWorking.swift; sourceTree = "<group>"; };
		84ED90761F2DF05C0087F37A /* BusinessUsersGroup.swift */ = {isa = PBXFileReference; fileEncoding = 4; lastKnownFileType = sourcecode.swift; path = BusinessUsersGroup.swift; sourceTree = "<group>"; };
		84FC033C1F1A2D3A00FC96BB /* 01.jpg */ = {isa = PBXFileReference; lastKnownFileType = image.jpeg; path = 01.jpg; sourceTree = "<group>"; };
		84FC033D1F1A2D3A00FC96BB /* 02.jpg */ = {isa = PBXFileReference; lastKnownFileType = image.jpeg; path = 02.jpg; sourceTree = "<group>"; };
		84FC033E1F1A2D3A00FC96BB /* 03.jpg */ = {isa = PBXFileReference; lastKnownFileType = image.jpeg; path = 03.jpg; sourceTree = "<group>"; };
		84FC033F1F1A2D3A00FC96BB /* 04.jpg */ = {isa = PBXFileReference; lastKnownFileType = image.jpeg; path = 04.jpg; sourceTree = "<group>"; };
		84FC03401F1A2D3A00FC96BB /* 05.jpg */ = {isa = PBXFileReference; lastKnownFileType = image.jpeg; path = 05.jpg; sourceTree = "<group>"; };
		84FC03411F1A2D3A00FC96BB /* 06.jpg */ = {isa = PBXFileReference; lastKnownFileType = image.jpeg; path = 06.jpg; sourceTree = "<group>"; };
		84FC03421F1A2D3A00FC96BB /* 07.jpg */ = {isa = PBXFileReference; lastKnownFileType = image.jpeg; path = 07.jpg; sourceTree = "<group>"; };
		84FC03431F1A2D3A00FC96BB /* 08.jpg */ = {isa = PBXFileReference; lastKnownFileType = image.jpeg; path = 08.jpg; sourceTree = "<group>"; };
		84FC03441F1A2D3A00FC96BB /* 09.jpg */ = {isa = PBXFileReference; lastKnownFileType = image.jpeg; path = 09.jpg; sourceTree = "<group>"; };
		84FC03451F1A2D3A00FC96BB /* 10.jpg */ = {isa = PBXFileReference; lastKnownFileType = image.jpeg; path = 10.jpg; sourceTree = "<group>"; };
		B99DEBAF54EB6F56B8590BB5 /* Pods-JJam.debug.xcconfig */ = {isa = PBXFileReference; includeInIndex = 1; lastKnownFileType = text.xcconfig; name = "Pods-JJam.debug.xcconfig"; path = "Pods/Target Support Files/Pods-JJam/Pods-JJam.debug.xcconfig"; sourceTree = "<group>"; };
/* End PBXFileReference section */

/* Begin PBXFrameworksBuildPhase section */
		8403925B1F1601AB0033BCBD /* Frameworks */ = {
			isa = PBXFrameworksBuildPhase;
			buildActionMask = 2147483647;
			files = (
				7B41719AF68CE94460AE5123 /* Pods_JJam.framework in Frameworks */,
			);
			runOnlyForDeploymentPostprocessing = 0;
		};
/* End PBXFrameworksBuildPhase section */

/* Begin PBXGroup section */
		70E180E9408F0CBAD5B5173F /* Frameworks */ = {
			isa = PBXGroup;
			children = (
				0642993740E03DA9687CA8CB /* Pods_JJam.framework */,
			);
			name = Frameworks;
			sourceTree = "<group>";
		};
		840392551F1601AB0033BCBD = {
			isa = PBXGroup;
			children = (
				840392731F160D410033BCBD /* JJam */,
				8403925F1F1601AB0033BCBD /* Products */,
				F60EA2715578B1CF9EF39BFA /* Pods */,
				70E180E9408F0CBAD5B5173F /* Frameworks */,
			);
			sourceTree = "<group>";
		};
		8403925F1F1601AB0033BCBD /* Products */ = {
			isa = PBXGroup;
			children = (
				8403925E1F1601AB0033BCBD /* JJam.app */,
			);
			name = Products;
			sourceTree = "<group>";
		};
		840392731F160D410033BCBD /* JJam */ = {
			isa = PBXGroup;
			children = (
				843069231F1E51AA008B7DEF /* Sources */,
				840392741F160D410033BCBD /* Resources */,
				8403927D1F160D410033BCBD /* Supporting Files */,
			);
			path = JJam;
			sourceTree = "<group>";
		};
		840392741F160D410033BCBD /* Resources */ = {
			isa = PBXGroup;
			children = (
				84FC033B1F1A2D3A00FC96BB /* image */,
				840392751F160D410033BCBD /* Assets.xcassets */,
				840392761F160D410033BCBD /* LaunchScreen.storyboard */,
				840392781F160D410033BCBD /* Main.storyboard */,
			);
			path = Resources;
			sourceTree = "<group>";
		};
		8403927D1F160D410033BCBD /* Supporting Files */ = {
			isa = PBXGroup;
			children = (
				8403927E1F160D410033BCBD /* Info.plist */,
			);
			path = "Supporting Files";
			sourceTree = "<group>";
		};
		843069231F1E51AA008B7DEF /* Sources */ = {
			isa = PBXGroup;
			children = (
				843069241F1E51AA008B7DEF /* AppDelegate.swift */,
				843069251F1E51AA008B7DEF /* Common */,
				846417331F2242C20029BC78 /* Networking */,
				843069281F1E51AA008B7DEF /* Models */,
				8430692F1F1E51AA008B7DEF /* ViewControllers */,
				8430693D1F1E51AA008B7DEF /* Views */,
			);
			path = Sources;
			sourceTree = "<group>";
		};
		843069251F1E51AA008B7DEF /* Common */ = {
			isa = PBXGroup;
			children = (
				84AB5D341F26336000EC5099 /* NotificationCommonSet.swift */,
				843069261F1E51AA008B7DEF /* FixedCommonSet.swift */,
				843069271F1E51AA008B7DEF /* UICommonSet.swift */,
				846417311F2199BF0029BC78 /* UITextViewPlaceholder.swift */,
				849D93841F283682004776E7 /* UIImageViewSetImage.swift */,
			);
			path = Common;
			sourceTree = "<group>";
		};
		843069281F1E51AA008B7DEF /* Models */ = {
			isa = PBXGroup;
			children = (
				840007F01F274D54009702CB /* RestaurantInfo.swift */,
				84ED90671F2DC59E0087F37A /* Login */,
				843069291F1E51AA008B7DEF /* BusinessUsers */,
				8430692A1F1E51AA008B7DEF /* GeneralUsers */,
			);
			path = Models;
			sourceTree = "<group>";
		};
		843069291F1E51AA008B7DEF /* BusinessUsers */ = {
			isa = PBXGroup;
			children = (
				84ED90761F2DF05C0087F37A /* BusinessUsersGroup.swift */,
				843069661F1E598E008B7DEF /* BusinessUsersMeal.swift */,
				8430696E1F1E5E40008B7DEF /* BusinessUsersDetail.swift */,
				84183C1B1F1F236B00EECDD0 /* Menu.swift */,
			);
			path = BusinessUsers;
			sourceTree = "<group>";
		};
		8430692A1F1E51AA008B7DEF /* GeneralUsers */ = {
			isa = PBXGroup;
			children = (
				8430692C1F1E51AA008B7DEF /* InterestRestaurant.swift */,
				8430692D1F1E51AA008B7DEF /* Meal.swift */,
				8430692E1F1E51AA008B7DEF /* RestaurantSearch.swift */,
			);
			path = GeneralUsers;
			sourceTree = "<group>";
		};
		8430692F1F1E51AA008B7DEF /* ViewControllers */ = {
			isa = PBXGroup;
			children = (
				84ED906A1F2DC5F90087F37A /* Login */,
				843069301F1E51AA008B7DEF /* BusinessUsers */,
				843069321F1E51AA008B7DEF /* GeneralUsers */,
			);
			path = ViewControllers;
			sourceTree = "<group>";
		};
		843069301F1E51AA008B7DEF /* BusinessUsers */ = {
			isa = PBXGroup;
			children = (
				8430695E1F1E55FA008B7DEF /* BusinessUsersTabBar.swift */,
				843069601F1E57A4008B7DEF /* BusinessUsersSettings.swift */,
				843069621F1E593A008B7DEF /* BusinessUsersMealList.swift */,
				8430696A1F1E5DCC008B7DEF /* BusinessUsersMealDetail.swift */,
				845C07C81F206CE3008A6F9F /* BusinessUsersMenuManagement.swift */,
				845C07CC1F2081DA008A6F9F /* BusinessUsersNotice.swift */,
			);
			path = BusinessUsers;
			sourceTree = "<group>";
		};
		843069321F1E51AA008B7DEF /* GeneralUsers */ = {
			isa = PBXGroup;
			children = (
				843069331F1E51AA008B7DEF /* GeneralUsersTabBar.swift */,
				8430693C1F1E51AA008B7DEF /* GeneralUsersSettings.swift */,
				843069341F1E51AA008B7DEF /* InterestRestaurantList.swift */,
				843069381F1E51AA008B7DEF /* MealList.swift */,
				843069361F1E51AA008B7DEF /* MealDetail.swift */,
				8430693A1F1E51AA008B7DEF /* RestaurantListSearch.swift */,
			);
			path = GeneralUsers;
			sourceTree = "<group>";
		};
		8430693D1F1E51AA008B7DEF /* Views */ = {
			isa = PBXGroup;
			children = (
				84183C191F1F142A00EECDD0 /* SettingsCell.swift */,
				84ED906F1F2DC6340087F37A /* Login */,
				8430693E1F1E51AA008B7DEF /* BusinessUsers */,
				8430693F1F1E51AA008B7DEF /* GeneralUsers */,
			);
			path = Views;
			sourceTree = "<group>";
		};
		8430693E1F1E51AA008B7DEF /* BusinessUsers */ = {
			isa = PBXGroup;
			children = (
				843069681F1E5AAA008B7DEF /* BusinessUsersMealListCell.swift */,
				843069701F1E5E79008B7DEF /* BusinessUsersMealDetailImageCell.swift */,
				843069721F1E5E86008B7DEF /* BusinessUsersMealDetailTextCell.swift */,
				84183C1F1F1F25FC00EECDD0 /* BusinessUsersMenuCell.swift */,
			);
			path = BusinessUsers;
			sourceTree = "<group>";
		};
		8430693F1F1E51AA008B7DEF /* GeneralUsers */ = {
			isa = PBXGroup;
			children = (
				843069401F1E51AA008B7DEF /* InterestRestaurantListCell.swift */,
				843069431F1E51AA008B7DEF /* MealListCell.swift */,
				843069411F1E51AA008B7DEF /* MealDetailImageCell.swift */,
				843069421F1E51AA008B7DEF /* MealDetailTextCell.swift */,
				843069441F1E51AA008B7DEF /* RestaurantListSearchCell.swift */,
			);
			path = GeneralUsers;
			sourceTree = "<group>";
		};
		846417331F2242C20029BC78 /* Networking */ = {
			isa = PBXGroup;
			children = (
				849D93A91F28C1BE004776E7 /* BusinessUsersNetWorking.swift */,
				846417341F2243270029BC78 /* GeneralUsersNetWorking.swift */,
				84ED90741F2DEFEE0087F37A /* LoginNetWorking.swift */,
			);
			path = Networking;
			sourceTree = "<group>";
		};
		84ED90671F2DC59E0087F37A /* Login */ = {
			isa = PBXGroup;
			children = (
				84ED90681F2DC59E0087F37A /* SignUp.swift */,
			);
			path = Login;
			sourceTree = "<group>";
		};
		84ED906A1F2DC5F90087F37A /* Login */ = {
			isa = PBXGroup;
			children = (
				84ED906B1F2DC5F90087F37A /* BusinessUsersSignUp.swift */,
				84ED906C1F2DC5F90087F37A /* Login.swift */,
			);
			path = Login;
			sourceTree = "<group>";
		};
		84ED906F1F2DC6340087F37A /* Login */ = {
			isa = PBXGroup;
			children = (
				84ED90701F2DC6340087F37A /* BusinessUsersSignUpImageCell.swift */,
				84ED90711F2DC6340087F37A /* BusinessUsersSignUpTextCell.swift */,
			);
			path = Login;
			sourceTree = "<group>";
		};
		84FC033B1F1A2D3A00FC96BB /* image */ = {
			isa = PBXGroup;
			children = (
				849D93A11F28624B004776E7 /* NoImageFound.jpg */,
				84FC033C1F1A2D3A00FC96BB /* 01.jpg */,
				84FC033D1F1A2D3A00FC96BB /* 02.jpg */,
				84FC033E1F1A2D3A00FC96BB /* 03.jpg */,
				84FC033F1F1A2D3A00FC96BB /* 04.jpg */,
				84FC03401F1A2D3A00FC96BB /* 05.jpg */,
				84FC03411F1A2D3A00FC96BB /* 06.jpg */,
				84FC03421F1A2D3A00FC96BB /* 07.jpg */,
				84FC03431F1A2D3A00FC96BB /* 08.jpg */,
				84FC03441F1A2D3A00FC96BB /* 09.jpg */,
				84FC03451F1A2D3A00FC96BB /* 10.jpg */,
			);
			path = image;
			sourceTree = "<group>";
		};
		F60EA2715578B1CF9EF39BFA /* Pods */ = {
			isa = PBXGroup;
			children = (
				B99DEBAF54EB6F56B8590BB5 /* Pods-JJam.debug.xcconfig */,
				2732E5029DA1A1A8D6613992 /* Pods-JJam.release.xcconfig */,
			);
			name = Pods;
			sourceTree = "<group>";
		};
/* End PBXGroup section */

/* Begin PBXNativeTarget section */
		8403925D1F1601AB0033BCBD /* JJam */ = {
			isa = PBXNativeTarget;
			buildConfigurationList = 840392701F1601AB0033BCBD /* Build configuration list for PBXNativeTarget "JJam" */;
			buildPhases = (
				9678C49F6C959101513EEA01 /* [CP] Check Pods Manifest.lock */,
				8403925A1F1601AB0033BCBD /* Sources */,
				8403925B1F1601AB0033BCBD /* Frameworks */,
				8403925C1F1601AB0033BCBD /* Resources */,
				77A23CA14E87CEBEBEFF90AF /* [CP] Embed Pods Frameworks */,
				C36572918622E60629C2788D /* [CP] Copy Pods Resources */,
			);
			buildRules = (
			);
			dependencies = (
			);
			name = JJam;
			productName = JJam;
			productReference = 8403925E1F1601AB0033BCBD /* JJam.app */;
			productType = "com.apple.product-type.application";
		};
/* End PBXNativeTarget section */

/* Begin PBXProject section */
		840392561F1601AB0033BCBD /* Project object */ = {
			isa = PBXProject;
			attributes = {
				LastSwiftUpdateCheck = 0830;
				LastUpgradeCheck = 0830;
				ORGANIZATIONNAME = admin;
				TargetAttributes = {
					8403925D1F1601AB0033BCBD = {
						CreatedOnToolsVersion = 8.3.3;
						DevelopmentTeam = N54KWD88E8;
						ProvisioningStyle = Automatic;
					};
				};
			};
			buildConfigurationList = 840392591F1601AB0033BCBD /* Build configuration list for PBXProject "JJam" */;
			compatibilityVersion = "Xcode 3.2";
			developmentRegion = English;
			hasScannedForEncodings = 0;
			knownRegions = (
				en,
				Base,
			);
			mainGroup = 840392551F1601AB0033BCBD;
			productRefGroup = 8403925F1F1601AB0033BCBD /* Products */;
			projectDirPath = "";
			projectRoot = "";
			targets = (
				8403925D1F1601AB0033BCBD /* JJam */,
			);
		};
/* End PBXProject section */

/* Begin PBXResourcesBuildPhase section */
		8403925C1F1601AB0033BCBD /* Resources */ = {
			isa = PBXResourcesBuildPhase;
			buildActionMask = 2147483647;
			files = (
				84FC034E1F1A2D3A00FC96BB /* 09.jpg in Resources */,
				84FC03481F1A2D3A00FC96BB /* 03.jpg in Resources */,
				84FC034D1F1A2D3A00FC96BB /* 08.jpg in Resources */,
				84FC03491F1A2D3A00FC96BB /* 04.jpg in Resources */,
				84FC03461F1A2D3A00FC96BB /* 01.jpg in Resources */,
				84FC03471F1A2D3A00FC96BB /* 02.jpg in Resources */,
				84FC034A1F1A2D3A00FC96BB /* 05.jpg in Resources */,
				84FC034C1F1A2D3A00FC96BB /* 07.jpg in Resources */,
				84FC034F1F1A2D3A00FC96BB /* 10.jpg in Resources */,
				84FC034B1F1A2D3A00FC96BB /* 06.jpg in Resources */,
				849D93A21F28624B004776E7 /* NoImageFound.jpg in Resources */,
				840392841F160D410033BCBD /* Info.plist in Resources */,
				840392811F160D410033BCBD /* Main.storyboard in Resources */,
				8403927F1F160D410033BCBD /* Assets.xcassets in Resources */,
				840392801F160D410033BCBD /* LaunchScreen.storyboard in Resources */,
			);
			runOnlyForDeploymentPostprocessing = 0;
		};
/* End PBXResourcesBuildPhase section */

/* Begin PBXShellScriptBuildPhase section */
		77A23CA14E87CEBEBEFF90AF /* [CP] Embed Pods Frameworks */ = {
			isa = PBXShellScriptBuildPhase;
			buildActionMask = 2147483647;
			files = (
			);
			inputPaths = (
			);
			name = "[CP] Embed Pods Frameworks";
			outputPaths = (
			);
			runOnlyForDeploymentPostprocessing = 0;
			shellPath = /bin/sh;
			shellScript = "\"${SRCROOT}/Pods/Target Support Files/Pods-JJam/Pods-JJam-frameworks.sh\"\n";
			showEnvVarsInLog = 0;
		};
		9678C49F6C959101513EEA01 /* [CP] Check Pods Manifest.lock */ = {
			isa = PBXShellScriptBuildPhase;
			buildActionMask = 2147483647;
			files = (
			);
			inputPaths = (
			);
			name = "[CP] Check Pods Manifest.lock";
			outputPaths = (
			);
			runOnlyForDeploymentPostprocessing = 0;
			shellPath = /bin/sh;
			shellScript = "diff \"${PODS_ROOT}/../Podfile.lock\" \"${PODS_ROOT}/Manifest.lock\" > /dev/null\nif [ $? != 0 ] ; then\n    # print error to STDERR\n    echo \"error: The sandbox is not in sync with the Podfile.lock. Run 'pod install' or update your CocoaPods installation.\" >&2\n    exit 1\nfi\n";
			showEnvVarsInLog = 0;
		};
		C36572918622E60629C2788D /* [CP] Copy Pods Resources */ = {
			isa = PBXShellScriptBuildPhase;
			buildActionMask = 2147483647;
			files = (
			);
			inputPaths = (
			);
			name = "[CP] Copy Pods Resources";
			outputPaths = (
			);
			runOnlyForDeploymentPostprocessing = 0;
			shellPath = /bin/sh;
			shellScript = "\"${SRCROOT}/Pods/Target Support Files/Pods-JJam/Pods-JJam-resources.sh\"\n";
			showEnvVarsInLog = 0;
		};
/* End PBXShellScriptBuildPhase section */

/* Begin PBXSourcesBuildPhase section */
		8403925A1F1601AB0033BCBD /* Sources */ = {
			isa = PBXSourcesBuildPhase;
			buildActionMask = 2147483647;
			files = (
				843069551F1E51AA008B7DEF /* RestaurantListSearch.swift in Sources */,
				843069691F1E5AAA008B7DEF /* BusinessUsersMealListCell.swift in Sources */,
				843069471F1E51AA008B7DEF /* FixedCommonSet.swift in Sources */,
				8430695F1F1E55FA008B7DEF /* BusinessUsersTabBar.swift in Sources */,
				8430696F1F1E5E40008B7DEF /* BusinessUsersDetail.swift in Sources */,
				843069461F1E51AA008B7DEF /* AppDelegate.swift in Sources */,
				84ED90721F2DC6340087F37A /* BusinessUsersSignUpImageCell.swift in Sources */,
				84ED90691F2DC59E0087F37A /* SignUp.swift in Sources */,
				84183C201F1F25FC00EECDD0 /* BusinessUsersMenuCell.swift in Sources */,
				8430695A1F1E51AA008B7DEF /* MealDetailTextCell.swift in Sources */,
				846417351F2243270029BC78 /* GeneralUsersNetWorking.swift in Sources */,
				84ED90731F2DC6340087F37A /* BusinessUsersSignUpTextCell.swift in Sources */,
				849D93AA1F28C1BE004776E7 /* BusinessUsersNetWorking.swift in Sources */,
				8430696B1F1E5DCC008B7DEF /* BusinessUsersMealDetail.swift in Sources */,
				843069671F1E598E008B7DEF /* BusinessUsersMeal.swift in Sources */,
				846417321F2199BF0029BC78 /* UITextViewPlaceholder.swift in Sources */,
				84AB5D351F26336000EC5099 /* NotificationCommonSet.swift in Sources */,
				843069531F1E51AA008B7DEF /* MealList.swift in Sources */,
				84ED90751F2DEFEE0087F37A /* LoginNetWorking.swift in Sources */,
				8430694C1F1E51AA008B7DEF /* RestaurantSearch.swift in Sources */,
				84ED906D1F2DC5F90087F37A /* BusinessUsersSignUp.swift in Sources */,
				843069591F1E51AA008B7DEF /* MealDetailImageCell.swift in Sources */,
				84ED90771F2DF05C0087F37A /* BusinessUsersGroup.swift in Sources */,
				84ED906E1F2DC5F90087F37A /* Login.swift in Sources */,
				843069581F1E51AA008B7DEF /* InterestRestaurantListCell.swift in Sources */,
				84183C1A1F1F142A00EECDD0 /* SettingsCell.swift in Sources */,
				843069711F1E5E79008B7DEF /* BusinessUsersMealDetailImageCell.swift in Sources */,
				849D93851F283682004776E7 /* UIImageViewSetImage.swift in Sources */,
				843069571F1E51AA008B7DEF /* GeneralUsersSettings.swift in Sources */,
				84183C1C1F1F236B00EECDD0 /* Menu.swift in Sources */,
				840007F11F274D54009702CB /* RestaurantInfo.swift in Sources */,
				8430694E1F1E51AA008B7DEF /* GeneralUsersTabBar.swift in Sources */,
				8430695C1F1E51AA008B7DEF /* RestaurantListSearchCell.swift in Sources */,
				843069631F1E593A008B7DEF /* BusinessUsersMealList.swift in Sources */,
				843069481F1E51AA008B7DEF /* UICommonSet.swift in Sources */,
				845C07CD1F2081DA008A6F9F /* BusinessUsersNotice.swift in Sources */,
				8430694B1F1E51AA008B7DEF /* Meal.swift in Sources */,
				843069731F1E5E86008B7DEF /* BusinessUsersMealDetailTextCell.swift in Sources */,
				8430694A1F1E51AA008B7DEF /* InterestRestaurant.swift in Sources */,
				8430694F1F1E51AA008B7DEF /* InterestRestaurantList.swift in Sources */,
				845C07C91F206CE3008A6F9F /* BusinessUsersMenuManagement.swift in Sources */,
				843069611F1E57A4008B7DEF /* BusinessUsersSettings.swift in Sources */,
				8430695B1F1E51AA008B7DEF /* MealListCell.swift in Sources */,
				843069511F1E51AA008B7DEF /* MealDetail.swift in Sources */,
			);
			runOnlyForDeploymentPostprocessing = 0;
		};
/* End PBXSourcesBuildPhase section */

/* Begin PBXVariantGroup section */
		840392761F160D410033BCBD /* LaunchScreen.storyboard */ = {
			isa = PBXVariantGroup;
			children = (
				840392771F160D410033BCBD /* Base */,
			);
			name = LaunchScreen.storyboard;
			sourceTree = "<group>";
		};
		840392781F160D410033BCBD /* Main.storyboard */ = {
			isa = PBXVariantGroup;
			children = (
				840392791F160D410033BCBD /* Base */,
			);
			name = Main.storyboard;
			sourceTree = "<group>";
		};
/* End PBXVariantGroup section */

/* Begin XCBuildConfiguration section */
		8403926E1F1601AB0033BCBD /* Debug */ = {
			isa = XCBuildConfiguration;
			buildSettings = {
				ALWAYS_SEARCH_USER_PATHS = NO;
				CLANG_ANALYZER_LOCALIZABILITY_NONLOCALIZED = YES;
				CLANG_ANALYZER_NONNULL = YES;
				CLANG_ANALYZER_NUMBER_OBJECT_CONVERSION = YES_AGGRESSIVE;
				CLANG_CXX_LANGUAGE_STANDARD = "gnu++0x";
				CLANG_CXX_LIBRARY = "libc++";
				CLANG_ENABLE_MODULES = YES;
				CLANG_ENABLE_OBJC_ARC = YES;
				CLANG_WARN_BOOL_CONVERSION = YES;
				CLANG_WARN_CONSTANT_CONVERSION = YES;
				CLANG_WARN_DIRECT_OBJC_ISA_USAGE = YES_ERROR;
				CLANG_WARN_DOCUMENTATION_COMMENTS = YES;
				CLANG_WARN_EMPTY_BODY = YES;
				CLANG_WARN_ENUM_CONVERSION = YES;
				CLANG_WARN_INFINITE_RECURSION = YES;
				CLANG_WARN_INT_CONVERSION = YES;
				CLANG_WARN_OBJC_ROOT_CLASS = YES_ERROR;
				CLANG_WARN_SUSPICIOUS_MOVE = YES;
				CLANG_WARN_UNREACHABLE_CODE = YES;
				CLANG_WARN__DUPLICATE_METHOD_MATCH = YES;
				"CODE_SIGN_IDENTITY[sdk=iphoneos*]" = "iPhone Developer";
				COPY_PHASE_STRIP = NO;
				DEBUG_INFORMATION_FORMAT = dwarf;
				ENABLE_STRICT_OBJC_MSGSEND = YES;
				ENABLE_TESTABILITY = YES;
				GCC_C_LANGUAGE_STANDARD = gnu99;
				GCC_DYNAMIC_NO_PIC = NO;
				GCC_NO_COMMON_BLOCKS = YES;
				GCC_OPTIMIZATION_LEVEL = 0;
				GCC_PREPROCESSOR_DEFINITIONS = (
					"DEBUG=1",
					"$(inherited)",
				);
				GCC_WARN_64_TO_32_BIT_CONVERSION = YES;
				GCC_WARN_ABOUT_RETURN_TYPE = YES_ERROR;
				GCC_WARN_UNDECLARED_SELECTOR = YES;
				GCC_WARN_UNINITIALIZED_AUTOS = YES_AGGRESSIVE;
				GCC_WARN_UNUSED_FUNCTION = YES;
				GCC_WARN_UNUSED_VARIABLE = YES;
				IPHONEOS_DEPLOYMENT_TARGET = 10.3;
				MTL_ENABLE_DEBUG_INFO = YES;
				ONLY_ACTIVE_ARCH = YES;
				SDKROOT = iphoneos;
				SWIFT_ACTIVE_COMPILATION_CONDITIONS = DEBUG;
				SWIFT_OPTIMIZATION_LEVEL = "-Onone";
			};
			name = Debug;
		};
		8403926F1F1601AB0033BCBD /* Release */ = {
			isa = XCBuildConfiguration;
			buildSettings = {
				ALWAYS_SEARCH_USER_PATHS = NO;
				CLANG_ANALYZER_LOCALIZABILITY_NONLOCALIZED = YES;
				CLANG_ANALYZER_NONNULL = YES;
				CLANG_ANALYZER_NUMBER_OBJECT_CONVERSION = YES_AGGRESSIVE;
				CLANG_CXX_LANGUAGE_STANDARD = "gnu++0x";
				CLANG_CXX_LIBRARY = "libc++";
				CLANG_ENABLE_MODULES = YES;
				CLANG_ENABLE_OBJC_ARC = YES;
				CLANG_WARN_BOOL_CONVERSION = YES;
				CLANG_WARN_CONSTANT_CONVERSION = YES;
				CLANG_WARN_DIRECT_OBJC_ISA_USAGE = YES_ERROR;
				CLANG_WARN_DOCUMENTATION_COMMENTS = YES;
				CLANG_WARN_EMPTY_BODY = YES;
				CLANG_WARN_ENUM_CONVERSION = YES;
				CLANG_WARN_INFINITE_RECURSION = YES;
				CLANG_WARN_INT_CONVERSION = YES;
				CLANG_WARN_OBJC_ROOT_CLASS = YES_ERROR;
				CLANG_WARN_SUSPICIOUS_MOVE = YES;
				CLANG_WARN_UNREACHABLE_CODE = YES;
				CLANG_WARN__DUPLICATE_METHOD_MATCH = YES;
				"CODE_SIGN_IDENTITY[sdk=iphoneos*]" = "iPhone Developer";
				COPY_PHASE_STRIP = NO;
				DEBUG_INFORMATION_FORMAT = "dwarf-with-dsym";
				ENABLE_NS_ASSERTIONS = NO;
				ENABLE_STRICT_OBJC_MSGSEND = YES;
				GCC_C_LANGUAGE_STANDARD = gnu99;
				GCC_NO_COMMON_BLOCKS = YES;
				GCC_WARN_64_TO_32_BIT_CONVERSION = YES;
				GCC_WARN_ABOUT_RETURN_TYPE = YES_ERROR;
				GCC_WARN_UNDECLARED_SELECTOR = YES;
				GCC_WARN_UNINITIALIZED_AUTOS = YES_AGGRESSIVE;
				GCC_WARN_UNUSED_FUNCTION = YES;
				GCC_WARN_UNUSED_VARIABLE = YES;
				IPHONEOS_DEPLOYMENT_TARGET = 10.3;
				MTL_ENABLE_DEBUG_INFO = NO;
				SDKROOT = iphoneos;
				SWIFT_OPTIMIZATION_LEVEL = "-Owholemodule";
				VALIDATE_PRODUCT = YES;
			};
			name = Release;
		};
		840392711F1601AB0033BCBD /* Debug */ = {
			isa = XCBuildConfiguration;
			baseConfigurationReference = B99DEBAF54EB6F56B8590BB5 /* Pods-JJam.debug.xcconfig */;
			buildSettings = {
				ASSETCATALOG_COMPILER_APPICON_NAME = AppIcon;
				DEVELOPMENT_TEAM = N54KWD88E8;
				INFOPLIST_FILE = "$(SRCROOT)/JJam/Supporting Files/Info.plist";
				IPHONEOS_DEPLOYMENT_TARGET = 10.3;
				LD_RUNPATH_SEARCH_PATHS = "$(inherited) @executable_path/Frameworks";
				PRODUCT_BUNDLE_IDENTIFIER = admin.JJam;
				PRODUCT_NAME = "$(TARGET_NAME)";
				SWIFT_VERSION = 3.0;
			};
			name = Debug;
		};
		840392721F1601AB0033BCBD /* Release */ = {
			isa = XCBuildConfiguration;
			baseConfigurationReference = 2732E5029DA1A1A8D6613992 /* Pods-JJam.release.xcconfig */;
			buildSettings = {
				ASSETCATALOG_COMPILER_APPICON_NAME = AppIcon;
				DEVELOPMENT_TEAM = N54KWD88E8;
				INFOPLIST_FILE = "$(SRCROOT)/JJam/Supporting Files/Info.plist";
				IPHONEOS_DEPLOYMENT_TARGET = 10.3;
				LD_RUNPATH_SEARCH_PATHS = "$(inherited) @executable_path/Frameworks";
				PRODUCT_BUNDLE_IDENTIFIER = admin.JJam;
				PRODUCT_NAME = "$(TARGET_NAME)";
				SWIFT_VERSION = 3.0;
			};
			name = Release;
		};
/* End XCBuildConfiguration section */

/* Begin XCConfigurationList section */
		840392591F1601AB0033BCBD /* Build configuration list for PBXProject "JJam" */ = {
			isa = XCConfigurationList;
			buildConfigurations = (
				8403926E1F1601AB0033BCBD /* Debug */,
				8403926F1F1601AB0033BCBD /* Release */,
			);
			defaultConfigurationIsVisible = 0;
			defaultConfigurationName = Release;
		};
		840392701F1601AB0033BCBD /* Build configuration list for PBXNativeTarget "JJam" */ = {
			isa = XCConfigurationList;
			buildConfigurations = (
				840392711F1601AB0033BCBD /* Debug */,
				840392721F1601AB0033BCBD /* Release */,
			);
			defaultConfigurationIsVisible = 0;
			defaultConfigurationName = Release;
		};
/* End XCConfigurationList section */
	};
	rootObject = 840392561F1601AB0033BCBD /* Project object */;
}
