PODS:
  - Alamofire (4.5.0)
  - Kingfisher (3.10.3)
  - ObjectMapper (2.2.8)
  - SnapKit (3.2.0)
  - SwiftyHash (0.7.0)

DEPENDENCIES:
  - Alamofire (~> 4.3)
  - Kingfisher (~> 3.5)
  - ObjectMapper (~> 2.2)
  - SnapKit (~> 3.2)
  - SwiftyHash (~> 0.7)

SPEC CHECKSUMS:
  Alamofire: f28cdffd29de33a7bfa022cbd63ae95a27fae140
  Kingfisher: a0ac82dc5bcf0388dd74b294cf2cc13730c63436
  ObjectMapper: 3d571bb5af471c779e1160828cd9ad5c4ef90958
  SnapKit: 1ca44df72cfa543218d177cb8aab029d10d86ea7
  SwiftyHash: 7b7a7b7275e1c8f94ac70153ac73a12c40b36fa2

PODFILE CHECKSUM: 0913bf22a1836eb021bb8c4a026bbcbc68b073e6

COCOAPODS: 1.2.0
