PODS:
  - Alamofire (4.5.0)
  - DownPicker (0.1.34)
  - Kingfisher (3.10.4)
  - ObjectMapper (2.2.8)
  - SnapKit (3.2.0)
  - SwiftyHash (0.7.0)

DEPENDENCIES:
  - Alamofire (~> 4.3)
  - DownPicker
  - Kingfisher (~> 3.5)
  - ObjectMapper (~> 2.2)
  - SnapKit (~> 3.2)
  - SwiftyHash (~> 0.7)

SPEC CHECKSUMS:
  Alamofire: f28cdffd29de33a7bfa022cbd63ae95a27fae140
  DownPicker: c00ea63f08ae82116cc93d0eba74e86bf3d4c68e
  Kingfisher: dc3a4983e86d2dfa89513664983a82340c11a289
  ObjectMapper: 3d571bb5af471c779e1160828cd9ad5c4ef90958
  SnapKit: 1ca44df72cfa543218d177cb8aab029d10d86ea7
  SwiftyHash: 7b7a7b7275e1c8f94ac70153ac73a12c40b36fa2

PODFILE CHECKSUM: 61c52e5336af07eec11a03b49aadd1a1229cd181

COCOAPODS: 1.2.0
